# This file is autogenerated, do not edit; changes may be undone by the next 'dep ensure'.


[[projects]]
  digest = "1:e95147133074a81ca26f7d8fab90549718b2f9362727864c2eddd661cb4366a4"
  name = "github.com/centrifuge/precise-proofs"
  packages = [
    "proofs",
    "proofs/proto",
  ]
  pruneopts = "T"
  revision = "2ed0cc3986aa6f8c5e9efc0f661607bf2857713f"

[[projects]]
  digest = "1:f8262e41c78f847de9c0cfe06673df91c3a24fca0add1be601820834018a480b"
  name = "github.com/golang/protobuf"
  packages = [
    "descriptor",
    "proto",
    "protoc-gen-go",
    "protoc-gen-go/descriptor",
    "protoc-gen-go/generator",
    "protoc-gen-go/generator/internal/remap",
    "protoc-gen-go/grpc",
    "protoc-gen-go/plugin",
    "ptypes",
    "ptypes/any",
    "ptypes/duration",
    "ptypes/timestamp",
  ]
  pruneopts = "UT"
  revision = "b5d812f8a3706043e23a9cd5babf2e5423744d30"
  version = "v1.3.1"

[[projects]]
  digest = "1:cf31692c14422fa27c83a05292eb5cbe0fb2775972e8f1f8446a71549bd8980b"
  name = "github.com/pkg/errors"
  packages = ["."]
  pruneopts = "UT"
  revision = "ba968bfe8b2f7e042a574c888954fccecfa385b4"
  version = "v0.8.1"

[[projects]]
  branch = "master"
  digest = "1:76a7183bfa4b83626f304d1c6eff54184fd8f6b15eba6975d6c7ef53da5ccdda"
  name = "github.com/roboll/go-vendorinstall"
  packages = ["."]
  pruneopts = "UT"
  revision = "db569a48fcad74a73623ccf43daafe394a96ef35"

[[projects]]
  digest = "1:2833602d8454c0f7dac4f73c1a1c0fc1a52dcc738e3ad87d4a64f6446966510d"
  name = "github.com/xsleonard/go-merkle"
  packages = ["."]
  pruneopts = "UT"
  revision = "f8894f6f7351abae156c2365b31354d4cd78a1af"
  source = "github.com/centrifuge/go-merkle"

[solve-meta]
  analyzer-name = "dep"
  analyzer-version = 1
  input-imports = [
    "github.com/centrifuge/precise-proofs/proofs",
    "github.com/centrifuge/precise-proofs/proofs/proto",
    "github.com/golang/protobuf/proto",
    "github.com/golang/protobuf/protoc-gen-go",
    "github.com/golang/protobuf/ptypes/any",
    "github.com/golang/protobuf/ptypes/timestamp",
    "github.com/roboll/go-vendorinstall",
  ]
  solver-name = "gps-cdcl"
  solver-version = 1
