# This file is autogenerated, do not edit; changes may be undone by the next 'dep ensure'.


[[projects]]
  name = "github.com/centrifuge/precise-proofs"
  packages = [
    "proofs",
    "proofs/proto"
  ]
  revision = "f8ef5392db436f8678e972810bf919c0406d1b83"

[[projects]]
  name = "github.com/ethereum/go-ethereum"
  packages = ["common/hexutil"]
  revision = "37685930d953bcbe023f9bc65b135a8d8b8f1488"
  version = "v1.8.12"

[[projects]]
  name = "github.com/ghodss/yaml"
  packages = ["."]
  revision = "0ca9ea5df5451ffdf184b4428c902747c2c11cd7"

[[projects]]
  branch = "master"
  name = "github.com/go-bongo/go-dotaccess"
  packages = ["."]
  revision = "ae070a2d2a38fd7233e255ded21fb26fe36b4796"

[[projects]]
  name = "github.com/gogo/protobuf"
  packages = [
    "gogoproto",
    "proto",
    "protoc-gen-gogo/descriptor",
    "sortkeys",
    "types"
  ]
  revision = "636bf0302bc95575d69441b25a2603156ffdddf1"
  version = "v1.1.1"

[[projects]]
  name = "github.com/golang/glog"
  packages = ["."]
  revision = "23def4e6c14b4da8ac2ed8007337bc5eb5007998"

[[projects]]
  name = "github.com/golang/protobuf"
  packages = [
    "descriptor",
    "jsonpb",
    "proto",
    "protoc-gen-go",
    "protoc-gen-go/descriptor",
    "protoc-gen-go/generator",
    "protoc-gen-go/generator/internal/remap",
    "protoc-gen-go/grpc",
    "protoc-gen-go/plugin",
    "ptypes",
    "ptypes/any",
    "ptypes/duration",
    "ptypes/struct",
    "ptypes/timestamp"
  ]
  revision = "b4deda0973fb4c70b50d226b1af49f3da59f5265"
  version = "v1.1.0"

[[projects]]
  name = "github.com/grpc-ecosystem/grpc-gateway"
  packages = [
    "codegenerator",
    "protoc-gen-grpc-gateway",
    "protoc-gen-grpc-gateway/descriptor",
    "protoc-gen-grpc-gateway/generator",
    "protoc-gen-grpc-gateway/gengateway",
    "protoc-gen-grpc-gateway/httprule",
    "protoc-gen-swagger/options",
    "runtime",
    "runtime/internal",
    "utilities"
  ]
  revision = "209d7ce1a333550d4ce54dad94432192eeb2041b"
  source = "git@github.com:grpc-ecosystem/grpc-gateway"

[[projects]]
  branch = "master"
  name = "github.com/iancoleman/strcase"
  packages = ["."]
  revision = "3605ed457bf7f8caa1371b4fafadadc026673479"

[[projects]]
  name = "github.com/oleiade/reflections"
  packages = ["."]
  revision = "2b6ec3da648e3e834dc41bad8d9ed7f2dc6a9496"
  version = "v1.0.0"

[[projects]]
  branch = "master"
  name = "github.com/roboll/go-vendorinstall"
  packages = ["."]
  revision = "db569a48fcad74a73623ccf43daafe394a96ef35"

[[projects]]
  branch = "master"
  name = "github.com/xsleonard/go-merkle"
  packages = ["."]
  revision = "c71c7cc334c839f31f3760b2385eab8381daf64e"

[[projects]]
  branch = "master"
  name = "golang.org/x/net"
  packages = [
    "context",
    "http/httpguts",
    "http2",
    "http2/hpack",
    "idna",
    "internal/timeseries",
    "trace"
  ]
  revision = "3673e40ba22529d22c3fd7c93e97b0ce50fa7bdd"

[[projects]]
  name = "golang.org/x/text"
  packages = [
    "collate",
    "collate/build",
    "internal/colltab",
    "internal/gen",
    "internal/tag",
    "internal/triegen",
    "internal/ucd",
    "language",
    "secure/bidirule",
    "transform",
    "unicode/bidi",
    "unicode/cldr",
    "unicode/norm",
    "unicode/rangetable"
  ]
  revision = "f21a4dfb5e38f5895301dc265a8def02365cc3d0"
  version = "v0.3.0"

[[projects]]
  name = "google.golang.org/genproto"
  packages = [
    "googleapis/api/annotations",
    "googleapis/rpc/status"
  ]
  revision = "86e600f69ee4704c6efbf6a2a40a5c10700e76c2"

[[projects]]
  name = "google.golang.org/grpc"
  packages = [
    ".",
    "balancer",
    "balancer/base",
    "balancer/roundrobin",
    "codes",
    "connectivity",
    "credentials",
    "encoding",
    "encoding/proto",
    "grpclb/grpc_lb_v1/messages",
    "grpclog",
    "internal",
    "keepalive",
    "metadata",
    "naming",
    "peer",
    "resolver",
    "resolver/dns",
    "resolver/passthrough",
    "stats",
    "status",
    "tap",
    "transport"
  ]
  revision = "d11072e7ca9811b1100b80ca0269ac831f06d024"

[[projects]]
  name = "gopkg.in/yaml.v2"
  packages = ["."]
  revision = "5420a8b6744d3b0345ab293f6fcba19c978f1183"
  version = "v2.2.1"

[solve-meta]
  analyzer-name = "dep"
  analyzer-version = 1
  inputs-digest = "3155d30d285d33d79649e715762e8e0e6cfd21a85070b19394690de41017fd66"
  solver-name = "gps-cdcl"
  solver-version = 1
